
Microsoft Visual Studio Solution File, Format Version 12.00
# Visual Studio Version 16
VisualStudioVersion = 16.0.30804.86
MinimumVisualStudioVersion = 10.0.40219.1
Project("{9A19103F-16F7-4668-BE54-9A1E7A4F7556}") = "WeatherChat", "WeatherChat\WeatherChat.csproj", "{33BC4821-B8CD-47D5-A160-0B0BA1255EAD}"
EndProject
Project("{FAE04EC0-301F-11D3-BF4B-00C04F79EFBC}") = "WeatherSvc", "WeatherSvc\WeatherSvc.csproj", "{F880BA0C-6773-4EAC-8D1A-C7EE6F1E0D9D}"
EndProject
Global
	GlobalSection(SolutionConfigurationPlatforms) = preSolution
		Debug|Any CPU = Debug|Any CPU
		Release|Any CPU = Release|Any CPU
	EndGlobalSection
	GlobalSection(ProjectConfigurationPlatforms) = postSolution
		{33BC4821-B8CD-47D5-A160-0B0BA1255EAD}.Debug|Any CPU.ActiveCfg = Debug|Any CPU
		{33BC4821-B8CD-47D5-A160-0B0BA1255EAD}.Debug|Any CPU.Build.0 = Debug|Any CPU
		{33BC4821-B8CD-47D5-A160-0B0BA1255EAD}.Release|Any CPU.ActiveCfg = Release|Any CPU
		{33BC4821-B8CD-47D5-A160-0B0BA1255EAD}.Release|Any CPU.Build.0 = Release|Any CPU
		{F880BA0C-6773-4EAC-8D1A-C7EE6F1E0D9D}.Debug|Any CPU.ActiveCfg = Debug|Any CPU
		{F880BA0C-6773-4EAC-8D1A-C7EE6F1E0D9D}.Debug|Any CPU.Build.0 = Debug|Any CPU
		{F880BA0C-6773-4EAC-8D1A-C7EE6F1E0D9D}.Release|Any CPU.ActiveCfg = Release|Any CPU
		{F880BA0C-6773-4EAC-8D1A-C7EE6F1E0D9D}.Release|Any CPU.Build.0 = Release|Any CPU
	EndGlobalSection
	GlobalSection(SolutionProperties) = preSolution
		HideSolutionNode = FALSE
	EndGlobalSection
	GlobalSection(ExtensibilityGlobals) = postSolution
		SolutionGuid = {9A6A72EC-F8B0-46BD-8821-CA2F5DBFF683}
	EndGlobalSection
EndGlobal
